
Microsoft Visual Studio Solution File, Format Version 12.00
# Visual Studio Version 17
VisualStudioVersion = 17.3.32811.315
MinimumVisualStudioVersion = 10.0.40219.1
Project("{8BC9CEB8-8B4A-11D0-8D11-00A0C91BC942}") = "MS1", "MS1.vcxproj", "{523F5EE4-CED2-4F03-8714-87A2F7839C21}"
EndProject
Global
	GlobalSection(SolutionConfigurationPlatforms) = preSolution
		Debug|x64 = Debug|x64
		Debug|x86 = Debug|x86
		Release|x64 = Release|x64
		Release|x86 = Release|x86
	EndGlobalSection
	GlobalSection(ProjectConfigurationPlatforms) = postSolution
		{523F5EE4-CED2-4F03-8714-87A2F7839C21}.Debug|x64.ActiveCfg = Debug|x64
		{523F5EE4-CED2-4F03-8714-87A2F7839C21}.Debug|x64.Build.0 = Debug|x64
		{523F5EE4-CED2-4F03-8714-87A2F7839C21}.Debug|x86.ActiveCfg = Debug|Win32
		{523F5EE4-CED2-4F03-8714-87A2F7839C21}.Debug|x86.Build.0 = Debug|Win32
		{523F5EE4-CED2-4F03-8714-87A2F7839C21}.Release|x64.ActiveCfg = Release|x64
		{523F5EE4-CED2-4F03-8714-87A2F7839C21}.Release|x64.Build.0 = Release|x64
		{523F5EE4-CED2-4F03-8714-87A2F7839C21}.Release|x86.ActiveCfg = Release|Win32
		{523F5EE4-CED2-4F03-8714-87A2F7839C21}.Release|x86.Build.0 = Release|Win32
	EndGlobalSection
	GlobalSection(SolutionProperties) = preSolution
		HideSolutionNode = FALSE
	EndGlobalSection
	GlobalSection(ExtensibilityGlobals) = postSolution
		SolutionGuid = {39696F22-6706-4E71-964A-7960C986DD2B}
	EndGlobalSection
EndGlobal
