
Microsoft Visual Studio Solution File, Format Version 12.00
# Visual Studio Version 17
VisualStudioVersion = 17.3.32811.315
MinimumVisualStudioVersion = 10.0.40219.1
Project("{8BC9CEB8-8B4A-11D0-8D11-00A0C91BC942}") = "WS04P2", "WS04P2.vcxproj", "{FB8D383F-992F-4FD0-AA0A-E93C7676151B}"
EndProject
Global
	GlobalSection(SolutionConfigurationPlatforms) = preSolution
		Debug|x64 = Debug|x64
		Debug|x86 = Debug|x86
		Release|x64 = Release|x64
		Release|x86 = Release|x86
	EndGlobalSection
	GlobalSection(ProjectConfigurationPlatforms) = postSolution
		{FB8D383F-992F-4FD0-AA0A-E93C7676151B}.Debug|x64.ActiveCfg = Debug|x64
		{FB8D383F-992F-4FD0-AA0A-E93C7676151B}.Debug|x64.Build.0 = Debug|x64
		{FB8D383F-992F-4FD0-AA0A-E93C7676151B}.Debug|x86.ActiveCfg = Debug|Win32
		{FB8D383F-992F-4FD0-AA0A-E93C7676151B}.Debug|x86.Build.0 = Debug|Win32
		{FB8D383F-992F-4FD0-AA0A-E93C7676151B}.Release|x64.ActiveCfg = Release|x64
		{FB8D383F-992F-4FD0-AA0A-E93C7676151B}.Release|x64.Build.0 = Release|x64
		{FB8D383F-992F-4FD0-AA0A-E93C7676151B}.Release|x86.ActiveCfg = Release|Win32
		{FB8D383F-992F-4FD0-AA0A-E93C7676151B}.Release|x86.Build.0 = Release|Win32
	EndGlobalSection
	GlobalSection(SolutionProperties) = preSolution
		HideSolutionNode = FALSE
	EndGlobalSection
	GlobalSection(ExtensibilityGlobals) = postSolution
		SolutionGuid = {E56BB1BD-F74A-4F07-B3BB-1D8C315ADC88}
	EndGlobalSection
EndGlobal
